{
    "_readme": [
        "This file locks the dependencies of your project to a known state",
        "Read more about it at https://getcomposer.org/doc/01-basic-usage.md#installing-dependencies",
        "This file is @generated automatically"
    ],
    "content-hash": "907c7d8bd1b44fb8e14b866035fd5ba7",
    "packages": [
        {
            "name": "studio-42/elfinder",
            "version": "2.1.x-dev",
            "source": {
                "type": "git",
                "url": "https://github.com/Studio-42/elFinder.git",
                "reference": "e5ca28f04d37b98d82df92dbdd4ad7cb8ef76911"
            },
            "dist": {
                "type": "zip",
                "url": "https://api.github.com/repos/Studio-42/elFinder/zipball/e5ca28f04d37b98d82df92dbdd4ad7cb8ef76911",
                "reference": "e5ca28f04d37b98d82df92dbdd4ad7cb8ef76911",
                "shasum": ""
            },
            "require": {
                "php": ">=5.2"
            },
            "suggest": {
                "barryvdh/elfinder-flysystem-driver": "VolumeDriver for elFinder to use Flysystem as a root.",
                "google/apiclient": "VolumeDriver GoogleDrive require `google/apiclient:^2.0.",
                "kunalvarma05/dropbox-php-sdk": "VolumeDriver `Dropbox`2 require `kunalvarma05/dropbox-php-sdk.",
                "nao-pon/flysystem-google-drive": "require in GoogleDrive network volume mounting with Flysystem."
            },
            "type": "library",
            "autoload": {
                "classmap": [
                    "php"
                ]
            },
            "notification-url": "https://packagist.org/downloads/",
            "license": [
                "BSD-3-Clause"
            ],
            "authors": [
                {
                    "name": "Dmitry Levashov",
                    "email": "dio@std42.ru",
                    "homepage": "http://std42.ru"
                },
                {
                    "name": "Troex Nevelin",
                    "email": "troex@fury.scancode.ru",
                    "homepage": "http://std42.ru"
                },
                {
                    "name": "Naoki Sawada",
                    "email": "hypweb+elfinder@gmail.com",
                    "homepage": "http://xoops.hypweb.net"
                },
                {
                    "name": "Community contributions",
                    "homepage": "https://github.com/Studio-42/elFinder/contributors"
                }
            ],
            "description": "File manager for web",
            "homepage": "http://elfinder.org",
            "support": {
                "issues": "https://github.com/Studio-42/elFinder/issues",
                "source": "https://github.com/Studio-42/elFinder/tree/2.1.60"
            },
            "funding": [
                {
                    "url": "https://github.com/nao-pon",
                    "type": "github"
                }
            ],
            "time": "2021-11-12T06:00:21+00:00"
        }
    ],
    "packages-dev": [],
    "aliases": [],
    "minimum-stability": "stable",
    "stability-flags": {
        "studio-42/elfinder": 20
    },
    "prefer-stable": false,
    "prefer-lowest": false,
    "platform": [],
    "platform-dev": [],
    "plugin-api-version": "2.1.0"
}
